// !$*UTF8*$!
{
	archiveVersion = 1;
	classes = {
	};
	objectVersion = 56;
	objects = {

/* Begin PBXBuildFile section */
		BB8883B22A2C8917004913CB /* PortfolioView.swift in Sources */ = {isa = PBXBuildFile; fileRef = BB8883B12A2C8917004913CB /* PortfolioView.swift */; };
		BB8883B42A2C8D8D004913CB /* XMarkButton.swift in Sources */ = {isa = PBXBuildFile; fileRef = BB8883B32A2C8D8D004913CB /* XMarkButton.swift */; };
		BB8B62982A2484A70038F92B /* CoinDataService.swift in Sources */ = {isa = PBXBuildFile; fileRef = BB8B62972A2484A70038F92B /* CoinDataService.swift */; };
		BB8B629B2A24B7790038F92B /* NetworkingManagement.swift in Sources */ = {isa = PBXBuildFile; fileRef = BB8B629A2A24B7790038F92B /* NetworkingManagement.swift */; };
		BB8C59C12A28650F000F468E /* CoinImageViewModel.swift in Sources */ = {isa = PBXBuildFile; fileRef = BB8C59C02A28650F000F468E /* CoinImageViewModel.swift */; };
		BB900DCD2A2738A70045659C /* CoinImageView.swift in Sources */ = {isa = PBXBuildFile; fileRef = BB900DCC2A2738A70045659C /* CoinImageView.swift */; };
		BB900DCF2A273A640045659C /* CoinImageService.swift in Sources */ = {isa = PBXBuildFile; fileRef = BB900DCE2A273A640045659C /* CoinImageService.swift */; };
		BB99A4FD2A28884200E25FAD /* LocalFileManager.swift in Sources */ = {isa = PBXBuildFile; fileRef = BB99A4FC2A28884200E25FAD /* LocalFileManager.swift */; };
		BB99A4FF2A28A61800E25FAD /* SearchBarView.swift in Sources */ = {isa = PBXBuildFile; fileRef = BB99A4FE2A28A61800E25FAD /* SearchBarView.swift */; };
		BBE8ACB22A1CA74200DE278F /* CryptoApp.swift in Sources */ = {isa = PBXBuildFile; fileRef = BBE8ACB12A1CA74200DE278F /* CryptoApp.swift */; };
		BBE8ACB42A1CA74200DE278F /* ContentView.swift in Sources */ = {isa = PBXBuildFile; fileRef = BBE8ACB32A1CA74200DE278F /* ContentView.swift */; };
		BBE8ACB62A1CA74300DE278F /* Assets.xcassets in Resources */ = {isa = PBXBuildFile; fileRef = BBE8ACB52A1CA74300DE278F /* Assets.xcassets */; };
		BBE8ACB92A1CA74300DE278F /* Preview Assets.xcassets in Resources */ = {isa = PBXBuildFile; fileRef = BBE8ACB82A1CA74300DE278F /* Preview Assets.xcassets */; };
		BBE8ACC12A1CA98500DE278F /* Color.swift in Sources */ = {isa = PBXBuildFile; fileRef = BBE8ACC02A1CA98500DE278F /* Color.swift */; };
		BBE8ACC92A1CC7ED00DE278F /* HomeView.swift in Sources */ = {isa = PBXBuildFile; fileRef = BBE8ACC82A1CC7ED00DE278F /* HomeView.swift */; };
		BBE8ACCB2A1CCAE900DE278F /* CircleButtonView.swift in Sources */ = {isa = PBXBuildFile; fileRef = BBE8ACCA2A1CCAE900DE278F /* CircleButtonView.swift */; };
		E5386D732A2CE7F2000155EE /* CoinLogoView.swift in Sources */ = {isa = PBXBuildFile; fileRef = E5386D722A2CE7F2000155EE /* CoinLogoView.swift */; };
		E538F5622A1D1063002CBE7D /* CircleButtonViewAnimation.swift in Sources */ = {isa = PBXBuildFile; fileRef = E538F5612A1D1063002CBE7D /* CircleButtonViewAnimation.swift */; };
		E54BCC712A2B78DE0082628D /* StatisticModel.swift in Sources */ = {isa = PBXBuildFile; fileRef = E54BCC702A2B78DE0082628D /* StatisticModel.swift */; };
		E54BCC732A2B7D2C0082628D /* StatisticView.swift in Sources */ = {isa = PBXBuildFile; fileRef = E54BCC722A2B7D2C0082628D /* StatisticView.swift */; };
		E54BCC752A2B82AD0082628D /* HomeStatsView.swift in Sources */ = {isa = PBXBuildFile; fileRef = E54BCC742A2B82AD0082628D /* HomeStatsView.swift */; };
		E54BCC772A2B9FB00082628D /* MarketDataModel.swift in Sources */ = {isa = PBXBuildFile; fileRef = E54BCC762A2B9FB00082628D /* MarketDataModel.swift */; };
		E54BCC792A2BA3770082628D /* MarketDataService.swift in Sources */ = {isa = PBXBuildFile; fileRef = E54BCC782A2BA3770082628D /* MarketDataService.swift */; };
		E5522D952A1F93C20038843A /* CoinModel.swift in Sources */ = {isa = PBXBuildFile; fileRef = E5522D942A1F93C20038843A /* CoinModel.swift */; };
		E556B0E52A23A42600CB56E8 /* HomeViewModel.swift in Sources */ = {isa = PBXBuildFile; fileRef = E556B0E42A23A42600CB56E8 /* HomeViewModel.swift */; };
		E557B6EA2A2E223100D7E85E /* PortfolioContainer.xcdatamodeld in Sources */ = {isa = PBXBuildFile; fileRef = E557B6E82A2E223100D7E85E /* PortfolioContainer.xcdatamodeld */; };
		E557B6EC2A2E228700D7E85E /* PortfolioDataService.swift in Sources */ = {isa = PBXBuildFile; fileRef = E557B6EB2A2E228700D7E85E /* PortfolioDataService.swift */; };
		E565EF592A20F8D300CC3333 /* CoinRowView.swift in Sources */ = {isa = PBXBuildFile; fileRef = E565EF582A20F8D300CC3333 /* CoinRowView.swift */; };
		E565EF5B2A20F8FE00CC3333 /* PreviewProvider.swift in Sources */ = {isa = PBXBuildFile; fileRef = E565EF5A2A20F8FE00CC3333 /* PreviewProvider.swift */; };
		E565EF5D2A20FE6200CC3333 /* Double.swift in Sources */ = {isa = PBXBuildFile; fileRef = E565EF5C2A20FE6200CC3333 /* Double.swift */; };
		E570DF5C2A2B285A00A89502 /* UIApplication.swift in Sources */ = {isa = PBXBuildFile; fileRef = E570DF5B2A2B285A00A89502 /* UIApplication.swift */; };
/* End PBXBuildFile section */

/* Begin PBXFileReference section */
		BB8883B12A2C8917004913CB /* PortfolioView.swift */ = {isa = PBXFileReference; lastKnownFileType = sourcecode.swift; path = PortfolioView.swift; sourceTree = "<group>"; };
		BB8883B32A2C8D8D004913CB /* XMarkButton.swift */ = {isa = PBXFileReference; lastKnownFileType = sourcecode.swift; path = XMarkButton.swift; sourceTree = "<group>"; };
		BB8B62972A2484A70038F92B /* CoinDataService.swift */ = {isa = PBXFileReference; lastKnownFileType = sourcecode.swift; path = CoinDataService.swift; sourceTree = "<group>"; };
		BB8B629A2A24B7790038F92B /* NetworkingManagement.swift */ = {isa = PBXFileReference; lastKnownFileType = sourcecode.swift; path = NetworkingManagement.swift; sourceTree = "<group>"; };
		BB8C59C02A28650F000F468E /* CoinImageViewModel.swift */ = {isa = PBXFileReference; lastKnownFileType = sourcecode.swift; path = CoinImageViewModel.swift; sourceTree = "<group>"; };
		BB900DCC2A2738A70045659C /* CoinImageView.swift */ = {isa = PBXFileReference; lastKnownFileType = sourcecode.swift; path = CoinImageView.swift; sourceTree = "<group>"; };
		BB900DCE2A273A640045659C /* CoinImageService.swift */ = {isa = PBXFileReference; lastKnownFileType = sourcecode.swift; path = CoinImageService.swift; sourceTree = "<group>"; };
		BB99A4FC2A28884200E25FAD /* LocalFileManager.swift */ = {isa = PBXFileReference; lastKnownFileType = sourcecode.swift; path = LocalFileManager.swift; sourceTree = "<group>"; };
		BB99A4FE2A28A61800E25FAD /* SearchBarView.swift */ = {isa = PBXFileReference; lastKnownFileType = sourcecode.swift; path = SearchBarView.swift; sourceTree = "<group>"; };
		BBE8ACAE2A1CA74200DE278F /* Crypto.app */ = {isa = PBXFileReference; explicitFileType = wrapper.application; includeInIndex = 0; path = Crypto.app; sourceTree = BUILT_PRODUCTS_DIR; };
		BBE8ACB12A1CA74200DE278F /* CryptoApp.swift */ = {isa = PBXFileReference; lastKnownFileType = sourcecode.swift; path = CryptoApp.swift; sourceTree = "<group>"; };
		BBE8ACB32A1CA74200DE278F /* ContentView.swift */ = {isa = PBXFileReference; lastKnownFileType = sourcecode.swift; path = ContentView.swift; sourceTree = "<group>"; };
		BBE8ACB52A1CA74300DE278F /* Assets.xcassets */ = {isa = PBXFileReference; lastKnownFileType = folder.assetcatalog; path = Assets.xcassets; sourceTree = "<group>"; };
		BBE8ACB82A1CA74300DE278F /* Preview Assets.xcassets */ = {isa = PBXFileReference; lastKnownFileType = folder.assetcatalog; path = "Preview Assets.xcassets"; sourceTree = "<group>"; };
		BBE8ACC02A1CA98500DE278F /* Color.swift */ = {isa = PBXFileReference; lastKnownFileType = sourcecode.swift; path = Color.swift; sourceTree = "<group>"; };
		BBE8ACC82A1CC7ED00DE278F /* HomeView.swift */ = {isa = PBXFileReference; lastKnownFileType = sourcecode.swift; path = HomeView.swift; sourceTree = "<group>"; };
		BBE8ACCA2A1CCAE900DE278F /* CircleButtonView.swift */ = {isa = PBXFileReference; lastKnownFileType = sourcecode.swift; path = CircleButtonView.swift; sourceTree = "<group>"; };
		E5386D722A2CE7F2000155EE /* CoinLogoView.swift */ = {isa = PBXFileReference; lastKnownFileType = sourcecode.swift; path = CoinLogoView.swift; sourceTree = "<group>"; };
		E538F5612A1D1063002CBE7D /* CircleButtonViewAnimation.swift */ = {isa = PBXFileReference; lastKnownFileType = sourcecode.swift; path = CircleButtonViewAnimation.swift; sourceTree = "<group>"; };
		E54BCC702A2B78DE0082628D /* StatisticModel.swift */ = {isa = PBXFileReference; lastKnownFileType = sourcecode.swift; path = StatisticModel.swift; sourceTree = "<group>"; };
		E54BCC722A2B7D2C0082628D /* StatisticView.swift */ = {isa = PBXFileReference; lastKnownFileType = sourcecode.swift; path = StatisticView.swift; sourceTree = "<group>"; };
		E54BCC742A2B82AD0082628D /* HomeStatsView.swift */ = {isa = PBXFileReference; lastKnownFileType = sourcecode.swift; path = HomeStatsView.swift; sourceTree = "<group>"; };
		E54BCC762A2B9FB00082628D /* MarketDataModel.swift */ = {isa = PBXFileReference; lastKnownFileType = sourcecode.swift; path = MarketDataModel.swift; sourceTree = "<group>"; };
		E54BCC782A2BA3770082628D /* MarketDataService.swift */ = {isa = PBXFileReference; lastKnownFileType = sourcecode.swift; path = MarketDataService.swift; sourceTree = "<group>"; };
		E5522D942A1F93C20038843A /* CoinModel.swift */ = {isa = PBXFileReference; lastKnownFileType = sourcecode.swift; path = CoinModel.swift; sourceTree = "<group>"; };
		E556B0E42A23A42600CB56E8 /* HomeViewModel.swift */ = {isa = PBXFileReference; lastKnownFileType = sourcecode.swift; path = HomeViewModel.swift; sourceTree = "<group>"; };
		E557B6E92A2E223100D7E85E /* PortfolioContainer.xcdatamodel */ = {isa = PBXFileReference; lastKnownFileType = wrapper.xcdatamodel; path = PortfolioContainer.xcdatamodel; sourceTree = "<group>"; };
		E557B6EB2A2E228700D7E85E /* PortfolioDataService.swift */ = {isa = PBXFileReference; lastKnownFileType = sourcecode.swift; path = PortfolioDataService.swift; sourceTree = "<group>"; };
		E565EF582A20F8D300CC3333 /* CoinRowView.swift */ = {isa = PBXFileReference; lastKnownFileType = sourcecode.swift; path = CoinRowView.swift; sourceTree = "<group>"; };
		E565EF5A2A20F8FE00CC3333 /* PreviewProvider.swift */ = {isa = PBXFileReference; lastKnownFileType = sourcecode.swift; path = PreviewProvider.swift; sourceTree = "<group>"; };
		E565EF5C2A20FE6200CC3333 /* Double.swift */ = {isa = PBXFileReference; lastKnownFileType = sourcecode.swift; path = Double.swift; sourceTree = "<group>"; };
		E570DF5B2A2B285A00A89502 /* UIApplication.swift */ = {isa = PBXFileReference; lastKnownFileType = sourcecode.swift; path = UIApplication.swift; sourceTree = "<group>"; };
/* End PBXFileReference section */

/* Begin PBXFrameworksBuildPhase section */
		BBE8ACAB2A1CA74200DE278F /* Frameworks */ = {
			isa = PBXFrameworksBuildPhase;
			buildActionMask = 2147483647;
			files = (
			);
			runOnlyForDeploymentPostprocessing = 0;
		};
/* End PBXFrameworksBuildPhase section */

/* Begin PBXGroup section */
		BB8B62962A24847D0038F92B /* Services */ = {
			isa = PBXGroup;
			children = (
				BB8B62972A2484A70038F92B /* CoinDataService.swift */,
				BB900DCE2A273A640045659C /* CoinImageService.swift */,
				E54BCC782A2BA3770082628D /* MarketDataService.swift */,
				E557B6EB2A2E228700D7E85E /* PortfolioDataService.swift */,
			);
			name = Services;
			path = "ٍثقرهؤثس";
			sourceTree = "<group>";
		};
		BB8B62992A24B7600038F92B /* Utilities */ = {
			isa = PBXGroup;
			children = (
				BB8B629A2A24B7790038F92B /* NetworkingManagement.swift */,
				BB99A4FC2A28884200E25FAD /* LocalFileManager.swift */,
			);
			path = Utilities;
			sourceTree = "<group>";
		};
		BB900DCB2A27387B0045659C /* CoinImage */ = {
			isa = PBXGroup;
			children = (
				BB900DCC2A2738A70045659C /* CoinImageView.swift */,
				BB8C59C02A28650F000F468E /* CoinImageViewModel.swift */,
				E5386D722A2CE7F2000155EE /* CoinLogoView.swift */,
			);
			path = CoinImage;
			sourceTree = "<group>";
		};
		BBE8ACA52A1CA74200DE278F = {
			isa = PBXGroup;
			children = (
				BBE8ACB02A1CA74200DE278F /* Crypto */,
				BBE8ACAF2A1CA74200DE278F /* Products */,
			);
			sourceTree = "<group>";
		};
		BBE8ACAF2A1CA74200DE278F /* Products */ = {
			isa = PBXGroup;
			children = (
				BBE8ACAE2A1CA74200DE278F /* Crypto.app */,
			);
			name = Products;
			sourceTree = "<group>";
		};
		BBE8ACB02A1CA74200DE278F /* Crypto */ = {
			isa = PBXGroup;
			children = (
				BBE8ACB12A1CA74200DE278F /* CryptoApp.swift */,
				BB8B62992A24B7600038F92B /* Utilities */,
				BB8B62962A24847D0038F92B /* Services */,
				BBE8ACBF2A1CA97100DE278F /* Extensions */,
				E5522D932A1F93A20038843A /* Models */,
				BBE8ACC22A1CC76900DE278F /* Core */,
				BBE8ACB32A1CA74200DE278F /* ContentView.swift */,
				BBE8ACB52A1CA74300DE278F /* Assets.xcassets */,
				BBE8ACB72A1CA74300DE278F /* Preview Content */,
			);
			path = Crypto;
			sourceTree = "<group>";
		};
		BBE8ACB72A1CA74300DE278F /* Preview Content */ = {
			isa = PBXGroup;
			children = (
				BBE8ACB82A1CA74300DE278F /* Preview Assets.xcassets */,
			);
			path = "Preview Content";
			sourceTree = "<group>";
		};
		BBE8ACBF2A1CA97100DE278F /* Extensions */ = {
			isa = PBXGroup;
			children = (
				BBE8ACC02A1CA98500DE278F /* Color.swift */,
				E565EF5A2A20F8FE00CC3333 /* PreviewProvider.swift */,
				E565EF5C2A20FE6200CC3333 /* Double.swift */,
				E570DF5B2A2B285A00A89502 /* UIApplication.swift */,
			);
			path = Extensions;
			sourceTree = "<group>";
		};
		BBE8ACC22A1CC76900DE278F /* Core */ = {
			isa = PBXGroup;
			children = (
				BBE8ACC32A1CC78200DE278F /* Components */,
				BBE8ACC42A1CC79400DE278F /* Home */,
			);
			path = Core;
			sourceTree = "<group>";
		};
		BBE8ACC32A1CC78200DE278F /* Components */ = {
			isa = PBXGroup;
			children = (
				BB900DCB2A27387B0045659C /* CoinImage */,
				BBE8ACC72A1CC7C800DE278F /* CircleButton */,
				BB99A4FE2A28A61800E25FAD /* SearchBarView.swift */,
				E54BCC722A2B7D2C0082628D /* StatisticView.swift */,
				BB8883B32A2C8D8D004913CB /* XMarkButton.swift */,
			);
			path = Components;
			sourceTree = "<group>";
		};
		BBE8ACC42A1CC79400DE278F /* Home */ = {
			isa = PBXGroup;
			children = (
				E538F5602A1D0E60002CBE7D /* ViewModel */,
				BBE8ACC62A1CC7BE00DE278F /* Views */,
			);
			path = Home;
			sourceTree = "<group>";
		};
		BBE8ACC62A1CC7BE00DE278F /* Views */ = {
			isa = PBXGroup;
			children = (
				BBE8ACC82A1CC7ED00DE278F /* HomeView.swift */,
				E54BCC742A2B82AD0082628D /* HomeStatsView.swift */,
				E565EF582A20F8D300CC3333 /* CoinRowView.swift */,
				BB8883B12A2C8917004913CB /* PortfolioView.swift */,
			);
			path = Views;
			sourceTree = "<group>";
		};
		BBE8ACC72A1CC7C800DE278F /* CircleButton */ = {
			isa = PBXGroup;
			children = (
				BBE8ACCA2A1CCAE900DE278F /* CircleButtonView.swift */,
				E538F5612A1D1063002CBE7D /* CircleButtonViewAnimation.swift */,
			);
			path = CircleButton;
			sourceTree = "<group>";
		};
		E538F5602A1D0E60002CBE7D /* ViewModel */ = {
			isa = PBXGroup;
			children = (
				E556B0E42A23A42600CB56E8 /* HomeViewModel.swift */,
			);
			path = ViewModel;
			sourceTree = "<group>";
		};
		E5522D932A1F93A20038843A /* Models */ = {
			isa = PBXGroup;
			children = (
				E5522D942A1F93C20038843A /* CoinModel.swift */,
				E54BCC702A2B78DE0082628D /* StatisticModel.swift */,
				E54BCC762A2B9FB00082628D /* MarketDataModel.swift */,
				E557B6E82A2E223100D7E85E /* PortfolioContainer.xcdatamodeld */,
			);
			path = Models;
			sourceTree = "<group>";
		};
/* End PBXGroup section */

/* Begin PBXNativeTarget section */
		BBE8ACAD2A1CA74200DE278F /* Crypto */ = {
			isa = PBXNativeTarget;
			buildConfigurationList = BBE8ACBC2A1CA74300DE278F /* Build configuration list for PBXNativeTarget "Crypto" */;
			buildPhases = (
				BBE8ACAA2A1CA74200DE278F /* Sources */,
				BBE8ACAB2A1CA74200DE278F /* Frameworks */,
				BBE8ACAC2A1CA74200DE278F /* Resources */,
			);
			buildRules = (
			);
			dependencies = (
			);
			name = Crypto;
			productName = Crypto;
			productReference = BBE8ACAE2A1CA74200DE278F /* Crypto.app */;
			productType = "com.apple.product-type.application";
		};
/* End PBXNativeTarget section */

/* Begin PBXProject section */
		BBE8ACA62A1CA74200DE278F /* Project object */ = {
			isa = PBXProject;
			attributes = {
				BuildIndependentTargetsInParallel = 1;
				LastSwiftUpdateCheck = 1420;
				LastUpgradeCheck = 1420;
				TargetAttributes = {
					BBE8ACAD2A1CA74200DE278F = {
						CreatedOnToolsVersion = 14.2;
					};
				};
			};
			buildConfigurationList = BBE8ACA92A1CA74200DE278F /* Build configuration list for PBXProject "Crypto" */;
			compatibilityVersion = "Xcode 14.0";
			developmentRegion = en;
			hasScannedForEncodings = 0;
			knownRegions = (
				en,
				Base,
			);
			mainGroup = BBE8ACA52A1CA74200DE278F;
			productRefGroup = BBE8ACAF2A1CA74200DE278F /* Products */;
			projectDirPath = "";
			projectRoot = "";
			targets = (
				BBE8ACAD2A1CA74200DE278F /* Crypto */,
			);
		};
/* End PBXProject section */

/* Begin PBXResourcesBuildPhase section */
		BBE8ACAC2A1CA74200DE278F /* Resources */ = {
			isa = PBXResourcesBuildPhase;
			buildActionMask = 2147483647;
			files = (
				BBE8ACB92A1CA74300DE278F /* Preview Assets.xcassets in Resources */,
				BBE8ACB62A1CA74300DE278F /* Assets.xcassets in Resources */,
			);
			runOnlyForDeploymentPostprocessing = 0;
		};
/* End PBXResourcesBuildPhase section */

/* Begin PBXSourcesBuildPhase section */
		BBE8ACAA2A1CA74200DE278F /* Sources */ = {
			isa = PBXSourcesBuildPhase;
			buildActionMask = 2147483647;
			files = (
				E557B6EA2A2E223100D7E85E /* PortfolioContainer.xcdatamodeld in Sources */,
				E54BCC712A2B78DE0082628D /* StatisticModel.swift in Sources */,
				BB8B62982A2484A70038F92B /* CoinDataService.swift in Sources */,
				E565EF592A20F8D300CC3333 /* CoinRowView.swift in Sources */,
				BB8883B42A2C8D8D004913CB /* XMarkButton.swift in Sources */,
				E556B0E52A23A42600CB56E8 /* HomeViewModel.swift in Sources */,
				BBE8ACB42A1CA74200DE278F /* ContentView.swift in Sources */,
				BB99A4FD2A28884200E25FAD /* LocalFileManager.swift in Sources */,
				E54BCC772A2B9FB00082628D /* MarketDataModel.swift in Sources */,
				BBE8ACC92A1CC7ED00DE278F /* HomeView.swift in Sources */,
				BB900DCD2A2738A70045659C /* CoinImageView.swift in Sources */,
				BBE8ACB22A1CA74200DE278F /* CryptoApp.swift in Sources */,
				E570DF5C2A2B285A00A89502 /* UIApplication.swift in Sources */,
				BB8B629B2A24B7790038F92B /* NetworkingManagement.swift in Sources */,
				E538F5622A1D1063002CBE7D /* CircleButtonViewAnimation.swift in Sources */,
				BB99A4FF2A28A61800E25FAD /* SearchBarView.swift in Sources */,
				BBE8ACCB2A1CCAE900DE278F /* CircleButtonView.swift in Sources */,
				BBE8ACC12A1CA98500DE278F /* Color.swift in Sources */,
				E5386D732A2CE7F2000155EE /* CoinLogoView.swift in Sources */,
				E54BCC752A2B82AD0082628D /* HomeStatsView.swift in Sources */,
				E54BCC792A2BA3770082628D /* MarketDataService.swift in Sources */,
				BB8C59C12A28650F000F468E /* CoinImageViewModel.swift in Sources */,
				E54BCC732A2B7D2C0082628D /* StatisticView.swift in Sources */,
				E565EF5B2A20F8FE00CC3333 /* PreviewProvider.swift in Sources */,
				BB8883B22A2C8917004913CB /* PortfolioView.swift in Sources */,
				E565EF5D2A20FE6200CC3333 /* Double.swift in Sources */,
				BB900DCF2A273A640045659C /* CoinImageService.swift in Sources */,
				E5522D952A1F93C20038843A /* CoinModel.swift in Sources */,
				E557B6EC2A2E228700D7E85E /* PortfolioDataService.swift in Sources */,
			);
			runOnlyForDeploymentPostprocessing = 0;
		};
/* End PBXSourcesBuildPhase section */

/* Begin XCBuildConfiguration section */
		BBE8ACBA2A1CA74300DE278F /* Debug */ = {
			isa = XCBuildConfiguration;
			buildSettings = {
				ALWAYS_SEARCH_USER_PATHS = NO;
				CLANG_ANALYZER_NONNULL = YES;
				CLANG_ANALYZER_NUMBER_OBJECT_CONVERSION = YES_AGGRESSIVE;
				CLANG_CXX_LANGUAGE_STANDARD = "gnu++20";
				CLANG_ENABLE_MODULES = YES;
				CLANG_ENABLE_OBJC_ARC = YES;
				CLANG_ENABLE_OBJC_WEAK = YES;
				CLANG_WARN_BLOCK_CAPTURE_AUTORELEASING = YES;
				CLANG_WARN_BOOL_CONVERSION = YES;
				CLANG_WARN_COMMA = YES;
				CLANG_WARN_CONSTANT_CONVERSION = YES;
				CLANG_WARN_DEPRECATED_OBJC_IMPLEMENTATIONS = YES;
				CLANG_WARN_DIRECT_OBJC_ISA_USAGE = YES_ERROR;
				CLANG_WARN_DOCUMENTATION_COMMENTS = YES;
				CLANG_WARN_EMPTY_BODY = YES;
				CLANG_WARN_ENUM_CONVERSION = YES;
				CLANG_WARN_INFINITE_RECURSION = YES;
				CLANG_WARN_INT_CONVERSION = YES;
				CLANG_WARN_NON_LITERAL_NULL_CONVERSION = YES;
				CLANG_WARN_OBJC_IMPLICIT_RETAIN_SELF = YES;
				CLANG_WARN_OBJC_LITERAL_CONVERSION = YES;
				CLANG_WARN_OBJC_ROOT_CLASS = YES_ERROR;
				CLANG_WARN_QUOTED_INCLUDE_IN_FRAMEWORK_HEADER = YES;
				CLANG_WARN_RANGE_LOOP_ANALYSIS = YES;
				CLANG_WARN_STRICT_PROTOTYPES = YES;
				CLANG_WARN_SUSPICIOUS_MOVE = YES;
				CLANG_WARN_UNGUARDED_AVAILABILITY = YES_AGGRESSIVE;
				CLANG_WARN_UNREACHABLE_CODE = YES;
				CLANG_WARN__DUPLICATE_METHOD_MATCH = YES;
				COPY_PHASE_STRIP = NO;
				DEBUG_INFORMATION_FORMAT = dwarf;
				ENABLE_STRICT_OBJC_MSGSEND = YES;
				ENABLE_TESTABILITY = YES;
				GCC_C_LANGUAGE_STANDARD = gnu11;
				GCC_DYNAMIC_NO_PIC = NO;
				GCC_NO_COMMON_BLOCKS = YES;
				GCC_OPTIMIZATION_LEVEL = 0;
				GCC_PREPROCESSOR_DEFINITIONS = (
					"DEBUG=1",
					"$(inherited)",
				);
				GCC_WARN_64_TO_32_BIT_CONVERSION = YES;
				GCC_WARN_ABOUT_RETURN_TYPE = YES_ERROR;
				GCC_WARN_UNDECLARED_SELECTOR = YES;
				GCC_WARN_UNINITIALIZED_AUTOS = YES_AGGRESSIVE;
				GCC_WARN_UNUSED_FUNCTION = YES;
				GCC_WARN_UNUSED_VARIABLE = YES;
				IPHONEOS_DEPLOYMENT_TARGET = 16.2;
				MTL_ENABLE_DEBUG_INFO = INCLUDE_SOURCE;
				MTL_FAST_MATH = YES;
				ONLY_ACTIVE_ARCH = YES;
				SDKROOT = iphoneos;
				SWIFT_ACTIVE_COMPILATION_CONDITIONS = DEBUG;
				SWIFT_OPTIMIZATION_LEVEL = "-Onone";
			};
			name = Debug;
		};
		BBE8ACBB2A1CA74300DE278F /* Release */ = {
			isa = XCBuildConfiguration;
			buildSettings = {
				ALWAYS_SEARCH_USER_PATHS = NO;
				CLANG_ANALYZER_NONNULL = YES;
				CLANG_ANALYZER_NUMBER_OBJECT_CONVERSION = YES_AGGRESSIVE;
				CLANG_CXX_LANGUAGE_STANDARD = "gnu++20";
				CLANG_ENABLE_MODULES = YES;
				CLANG_ENABLE_OBJC_ARC = YES;
				CLANG_ENABLE_OBJC_WEAK = YES;
				CLANG_WARN_BLOCK_CAPTURE_AUTORELEASING = YES;
				CLANG_WARN_BOOL_CONVERSION = YES;
				CLANG_WARN_COMMA = YES;
				CLANG_WARN_CONSTANT_CONVERSION = YES;
				CLANG_WARN_DEPRECATED_OBJC_IMPLEMENTATIONS = YES;
				CLANG_WARN_DIRECT_OBJC_ISA_USAGE = YES_ERROR;
				CLANG_WARN_DOCUMENTATION_COMMENTS = YES;
				CLANG_WARN_EMPTY_BODY = YES;
				CLANG_WARN_ENUM_CONVERSION = YES;
				CLANG_WARN_INFINITE_RECURSION = YES;
				CLANG_WARN_INT_CONVERSION = YES;
				CLANG_WARN_NON_LITERAL_NULL_CONVERSION = YES;
				CLANG_WARN_OBJC_IMPLICIT_RETAIN_SELF = YES;
				CLANG_WARN_OBJC_LITERAL_CONVERSION = YES;
				CLANG_WARN_OBJC_ROOT_CLASS = YES_ERROR;
				CLANG_WARN_QUOTED_INCLUDE_IN_FRAMEWORK_HEADER = YES;
				CLANG_WARN_RANGE_LOOP_ANALYSIS = YES;
				CLANG_WARN_STRICT_PROTOTYPES = YES;
				CLANG_WARN_SUSPICIOUS_MOVE = YES;
				CLANG_WARN_UNGUARDED_AVAILABILITY = YES_AGGRESSIVE;
				CLANG_WARN_UNREACHABLE_CODE = YES;
				CLANG_WARN__DUPLICATE_METHOD_MATCH = YES;
				COPY_PHASE_STRIP = NO;
				DEBUG_INFORMATION_FORMAT = "dwarf-with-dsym";
				ENABLE_NS_ASSERTIONS = NO;
				ENABLE_STRICT_OBJC_MSGSEND = YES;
				GCC_C_LANGUAGE_STANDARD = gnu11;
				GCC_NO_COMMON_BLOCKS = YES;
				GCC_WARN_64_TO_32_BIT_CONVERSION = YES;
				GCC_WARN_ABOUT_RETURN_TYPE = YES_ERROR;
				GCC_WARN_UNDECLARED_SELECTOR = YES;
				GCC_WARN_UNINITIALIZED_AUTOS = YES_AGGRESSIVE;
				GCC_WARN_UNUSED_FUNCTION = YES;
				GCC_WARN_UNUSED_VARIABLE = YES;
				IPHONEOS_DEPLOYMENT_TARGET = 16.2;
				MTL_ENABLE_DEBUG_INFO = NO;
				MTL_FAST_MATH = YES;
				SDKROOT = iphoneos;
				SWIFT_COMPILATION_MODE = wholemodule;
				SWIFT_OPTIMIZATION_LEVEL = "-O";
				VALIDATE_PRODUCT = YES;
			};
			name = Release;
		};
		BBE8ACBD2A1CA74300DE278F /* Debug */ = {
			isa = XCBuildConfiguration;
			buildSettings = {
				ASSETCATALOG_COMPILER_APPICON_NAME = AppIcon;
				ASSETCATALOG_COMPILER_GLOBAL_ACCENT_COLOR_NAME = AccentColor;
				CODE_SIGN_STYLE = Automatic;
				CURRENT_PROJECT_VERSION = 1;
				DEVELOPMENT_ASSET_PATHS = "\"Crypto/Preview Content\"";
				DEVELOPMENT_TEAM = QR583T767F;
				ENABLE_PREVIEWS = YES;
				GENERATE_INFOPLIST_FILE = YES;
				INFOPLIST_KEY_CFBundleDisplayName = Crypto;
				INFOPLIST_KEY_UIApplicationSceneManifest_Generation = YES;
				INFOPLIST_KEY_UIApplicationSupportsIndirectInputEvents = YES;
				INFOPLIST_KEY_UILaunchScreen_Generation = YES;
				INFOPLIST_KEY_UISupportedInterfaceOrientations = UIInterfaceOrientationPortrait;
				INFOPLIST_KEY_UISupportedInterfaceOrientations_iPad = "UIInterfaceOrientationLandscapeLeft UIInterfaceOrientationLandscapeRight UIInterfaceOrientationPortrait UIInterfaceOrientationPortraitUpsideDown";
				LD_RUNPATH_SEARCH_PATHS = (
					"$(inherited)",
					"@executable_path/Frameworks",
				);
				MARKETING_VERSION = 1.0;
				PRODUCT_BUNDLE_IDENTIFIER = com.Fadeldev.Crypto;
				PRODUCT_NAME = "$(TARGET_NAME)";
				SWIFT_EMIT_LOC_STRINGS = YES;
				SWIFT_VERSION = 5.0;
				TARGETED_DEVICE_FAMILY = "1,2";
			};
			name = Debug;
		};
		BBE8ACBE2A1CA74300DE278F /* Release */ = {
			isa = XCBuildConfiguration;
			buildSettings = {
				ASSETCATALOG_COMPILER_APPICON_NAME = AppIcon;
				ASSETCATALOG_COMPILER_GLOBAL_ACCENT_COLOR_NAME = AccentColor;
				CODE_SIGN_STYLE = Automatic;
				CURRENT_PROJECT_VERSION = 1;
				DEVELOPMENT_ASSET_PATHS = "\"Crypto/Preview Content\"";
				DEVELOPMENT_TEAM = QR583T767F;
				ENABLE_PREVIEWS = YES;
				GENERATE_INFOPLIST_FILE = YES;
				INFOPLIST_KEY_CFBundleDisplayName = Crypto;
				INFOPLIST_KEY_UIApplicationSceneManifest_Generation = YES;
				INFOPLIST_KEY_UIApplicationSupportsIndirectInputEvents = YES;
				INFOPLIST_KEY_UILaunchScreen_Generation = YES;
				INFOPLIST_KEY_UISupportedInterfaceOrientations = UIInterfaceOrientationPortrait;
				INFOPLIST_KEY_UISupportedInterfaceOrientations_iPad = "UIInterfaceOrientationLandscapeLeft UIInterfaceOrientationLandscapeRight UIInterfaceOrientationPortrait UIInterfaceOrientationPortraitUpsideDown";
				LD_RUNPATH_SEARCH_PATHS = (
					"$(inherited)",
					"@executable_path/Frameworks",
				);
				MARKETING_VERSION = 1.0;
				PRODUCT_BUNDLE_IDENTIFIER = com.Fadeldev.Crypto;
				PRODUCT_NAME = "$(TARGET_NAME)";
				SWIFT_EMIT_LOC_STRINGS = YES;
				SWIFT_VERSION = 5.0;
				TARGETED_DEVICE_FAMILY = "1,2";
			};
			name = Release;
		};
/* End XCBuildConfiguration section */

/* Begin XCConfigurationList section */
		BBE8ACA92A1CA74200DE278F /* Build configuration list for PBXProject "Crypto" */ = {
			isa = XCConfigurationList;
			buildConfigurations = (
				BBE8ACBA2A1CA74300DE278F /* Debug */,
				BBE8ACBB2A1CA74300DE278F /* Release */,
			);
			defaultConfigurationIsVisible = 0;
			defaultConfigurationName = Release;
		};
		BBE8ACBC2A1CA74300DE278F /* Build configuration list for PBXNativeTarget "Crypto" */ = {
			isa = XCConfigurationList;
			buildConfigurations = (
				BBE8ACBD2A1CA74300DE278F /* Debug */,
				BBE8ACBE2A1CA74300DE278F /* Release */,
			);
			defaultConfigurationIsVisible = 0;
			defaultConfigurationName = Release;
		};
/* End XCConfigurationList section */

/* Begin XCVersionGroup section */
		E557B6E82A2E223100D7E85E /* PortfolioContainer.xcdatamodeld */ = {
			isa = XCVersionGroup;
			children = (
				E557B6E92A2E223100D7E85E /* PortfolioContainer.xcdatamodel */,
			);
			currentVersion = E557B6E92A2E223100D7E85E /* PortfolioContainer.xcdatamodel */;
			path = PortfolioContainer.xcdatamodeld;
			sourceTree = "<group>";
			versionGroupType = wrapper.xcdatamodel;
		};
/* End XCVersionGroup section */
	};
	rootObject = BBE8ACA62A1CA74200DE278F /* Project object */;
}
